
Microsoft Visual Studio Solution File, Format Version 12.00
# Visual Studio Version 17
VisualStudioVersion = 17.7.34024.191
MinimumVisualStudioVersion = 10.0.40219.1
Project("{FAE04EC0-301F-11D3-BF4B-00C04F79EFBC}") = "HastaneRandevuAlOdevi", "HastaneRandevuAlOdevi\HastaneRandevuAlOdevi.csproj", "{297871C6-8A08-4CFB-BD69-BC197B8798A0}"
EndProject
Global
	GlobalSection(SolutionConfigurationPlatforms) = preSolution
		Debug|Any CPU = Debug|Any CPU
		Release|Any CPU = Release|Any CPU
	EndGlobalSection
	GlobalSection(ProjectConfigurationPlatforms) = postSolution
		{297871C6-8A08-4CFB-BD69-BC197B8798A0}.Debug|Any CPU.ActiveCfg = Debug|Any CPU
		{297871C6-8A08-4CFB-BD69-BC197B8798A0}.Debug|Any CPU.Build.0 = Debug|Any CPU
		{297871C6-8A08-4CFB-BD69-BC197B8798A0}.Release|Any CPU.ActiveCfg = Release|Any CPU
		{297871C6-8A08-4CFB-BD69-BC197B8798A0}.Release|Any CPU.Build.0 = Release|Any CPU
	EndGlobalSection
	GlobalSection(SolutionProperties) = preSolution
		HideSolutionNode = FALSE
	EndGlobalSection
	GlobalSection(ExtensibilityGlobals) = postSolution
		SolutionGuid = {1A1206B2-B141-4F28-AE98-F3A88CBF6D99}
	EndGlobalSection
EndGlobal
